// !$*UTF8*$!
{
	archiveVersion = 1;
	classes = {
	};
	objectVersion = 48;
	objects = {

/* Begin PBXBuildFile section */
		F30FC41A2045DDD9007B5297 /* AppDelegate.m in Sources */ = {isa = PBXBuildFile; fileRef = F30FC4192045DDD9007B5297 /* AppDelegate.m */; };
		F30FC41D2045DDD9007B5297 /* ViewController.m in Sources */ = {isa = PBXBuildFile; fileRef = F30FC41C2045DDD9007B5297 /* ViewController.m */; };
		F30FC4202045DDD9007B5297 /* Main.storyboard in Resources */ = {isa = PBXBuildFile; fileRef = F30FC41E2045DDD9007B5297 /* Main.storyboard */; };
		F30FC4232045DDD9007B5297 /* CheckSample.xcdatamodeld in Sources */ = {isa = PBXBuildFile; fileRef = F30FC4212045DDD9007B5297 /* CheckSample.xcdatamodeld */; };
		F30FC4252045DDD9007B5297 /* Assets.xcassets in Resources */ = {isa = PBXBuildFile; fileRef = F30FC4242045DDD9007B5297 /* Assets.xcassets */; };
		F30FC4282045DDD9007B5297 /* LaunchScreen.storyboard in Resources */ = {isa = PBXBuildFile; fileRef = F30FC4262045DDD9007B5297 /* LaunchScreen.storyboard */; };
		F30FC42B2045DDD9007B5297 /* main.m in Sources */ = {isa = PBXBuildFile; fileRef = F30FC42A2045DDD9007B5297 /* main.m */; };
/* End PBXBuildFile section */

/* Begin PBXFileReference section */
		F30FC4152045DDD9007B5297 /* CheckSample.app */ = {isa = PBXFileReference; explicitFileType = wrapper.application; includeInIndex = 0; path = CheckSample.app; sourceTree = BUILT_PRODUCTS_DIR; };
		F30FC4182045DDD9007B5297 /* AppDelegate.h */ = {isa = PBXFileReference; lastKnownFileType = sourcecode.c.h; path = AppDelegate.h; sourceTree = "<group>"; };
		F30FC4192045DDD9007B5297 /* AppDelegate.m */ = {isa = PBXFileReference; lastKnownFileType = sourcecode.c.objc; path = AppDelegate.m; sourceTree = "<group>"; };
		F30FC41B2045DDD9007B5297 /* ViewController.h */ = {isa = PBXFileReference; lastKnownFileType = sourcecode.c.h; path = ViewController.h; sourceTree = "<group>"; };
		F30FC41C2045DDD9007B5297 /* ViewController.m */ = {isa = PBXFileReference; lastKnownFileType = sourcecode.c.objc; path = ViewController.m; sourceTree = "<group>"; };
		F30FC41F2045DDD9007B5297 /* Base */ = {isa = PBXFileReference; lastKnownFileType = file.storyboard; name = Base; path = Base.lproj/Main.storyboard; sourceTree = "<group>"; };
		F30FC4222045DDD9007B5297 /* CheckSample.xcdatamodel */ = {isa = PBXFileReference; lastKnownFileType = wrapper.xcdatamodel; path = CheckSample.xcdatamodel; sourceTree = "<group>"; };
		F30FC4242045DDD9007B5297 /* Assets.xcassets */ = {isa = PBXFileReference; lastKnownFileType = folder.assetcatalog; path = Assets.xcassets; sourceTree = "<group>"; };
		F30FC4272045DDD9007B5297 /* Base */ = {isa = PBXFileReference; lastKnownFileType = file.storyboard; name = Base; path = Base.lproj/LaunchScreen.storyboard; sourceTree = "<group>"; };
		F30FC4292045DDD9007B5297 /* Info.plist */ = {isa = PBXFileReference; lastKnownFileType = text.plist.xml; path = Info.plist; sourceTree = "<group>"; };
		F30FC42A2045DDD9007B5297 /* main.m */ = {isa = PBXFileReference; lastKnownFileType = sourcecode.c.objc; path = main.m; sourceTree = "<group>"; };
/* End PBXFileReference section */

/* Begin PBXFrameworksBuildPhase section */
		F30FC4122045DDD9007B5297 /* Frameworks */ = {
			isa = PBXFrameworksBuildPhase;
			buildActionMask = 2147483647;
			files = (
			);
			runOnlyForDeploymentPostprocessing = 0;
		};
/* End PBXFrameworksBuildPhase section */

/* Begin PBXGroup section */
		F30FC40C2045DDD9007B5297 = {
			isa = PBXGroup;
			children = (
				F30FC4172045DDD9007B5297 /* CheckSample */,
				F30FC4162045DDD9007B5297 /* Products */,
			);
			sourceTree = "<group>";
		};
		F30FC4162045DDD9007B5297 /* Products */ = {
			isa = PBXGroup;
			children = (
				F30FC4152045DDD9007B5297 /* CheckSample.app */,
			);
			name = Products;
			sourceTree = "<group>";
		};
		F30FC4172045DDD9007B5297 /* CheckSample */ = {
			isa = PBXGroup;
			children = (
				F30FC4182045DDD9007B5297 /* AppDelegate.h */,
				F30FC4192045DDD9007B5297 /* AppDelegate.m */,
				F30FC41B2045DDD9007B5297 /* ViewController.h */,
				F30FC41C2045DDD9007B5297 /* ViewController.m */,
				F30FC41E2045DDD9007B5297 /* Main.storyboard */,
				F30FC4242045DDD9007B5297 /* Assets.xcassets */,
				F30FC4262045DDD9007B5297 /* LaunchScreen.storyboard */,
				F30FC4292045DDD9007B5297 /* Info.plist */,
				F30FC42A2045DDD9007B5297 /* main.m */,
				F30FC4212045DDD9007B5297 /* CheckSample.xcdatamodeld */,
			);
			path = CheckSample;
			sourceTree = "<group>";
		};
/* End PBXGroup section */

/* Begin PBXNativeTarget section */
		F30FC4142045DDD9007B5297 /* CheckSample */ = {
			isa = PBXNativeTarget;
			buildConfigurationList = F30FC42E2045DDD9007B5297 /* Build configuration list for PBXNativeTarget "CheckSample" */;
			buildPhases = (
				F30FC4112045DDD9007B5297 /* Sources */,
				F30FC4122045DDD9007B5297 /* Frameworks */,
				F30FC4132045DDD9007B5297 /* Resources */,
			);
			buildRules = (
			);
			dependencies = (
			);
			name = CheckSample;
			productName = CheckSample;
			productReference = F30FC4152045DDD9007B5297 /* CheckSample.app */;
			productType = "com.apple.product-type.application";
		};
/* End PBXNativeTarget section */

/* Begin PBXProject section */
		F30FC40D2045DDD9007B5297 /* Project object */ = {
			isa = PBXProject;
			attributes = {
				LastUpgradeCheck = 0920;
				ORGANIZATIONNAME = "Srikanth ";
				TargetAttributes = {
					F30FC4142045DDD9007B5297 = {
						CreatedOnToolsVersion = 9.2;
						ProvisioningStyle = Automatic;
					};
				};
			};
			buildConfigurationList = F30FC4102045DDD9007B5297 /* Build configuration list for PBXProject "CheckSample" */;
			compatibilityVersion = "Xcode 8.0";
			developmentRegion = en;
			hasScannedForEncodings = 0;
			knownRegions = (
				en,
				Base,
			);
			mainGroup = F30FC40C2045DDD9007B5297;
			productRefGroup = F30FC4162045DDD9007B5297 /* Products */;
			projectDirPath = "";
			projectRoot = "";
			targets = (
				F30FC4142045DDD9007B5297 /* CheckSample */,
			);
		};
/* End PBXProject section */

/* Begin PBXResourcesBuildPhase section */
		F30FC4132045DDD9007B5297 /* Resources */ = {
			isa = PBXResourcesBuildPhase;
			buildActionMask = 2147483647;
			files = (
				F30FC4282045DDD9007B5297 /* LaunchScreen.storyboard in Resources */,
				F30FC4252045DDD9007B5297 /* Assets.xcassets in Resources */,
				F30FC4202045DDD9007B5297 /* Main.storyboard in Resources */,
			);
			runOnlyForDeploymentPostprocessing = 0;
		};
/* End PBXResourcesBuildPhase section */

/* Begin PBXSourcesBuildPhase section */
		F30FC4112045DDD9007B5297 /* Sources */ = {
			isa = PBXSourcesBuildPhase;
			buildActionMask = 2147483647;
			files = (
				F30FC4232045DDD9007B5297 /* CheckSample.xcdatamodeld in Sources */,
				F30FC41D2045DDD9007B5297 /* ViewController.m in Sources */,
				F30FC42B2045DDD9007B5297 /* main.m in Sources */,
				F30FC41A2045DDD9007B5297 /* AppDelegate.m in Sources */,
			);
			runOnlyForDeploymentPostprocessing = 0;
		};
/* End PBXSourcesBuildPhase section */

/* Begin PBXVariantGroup section */
		F30FC41E2045DDD9007B5297 /* Main.storyboard */ = {
			isa = PBXVariantGroup;
			children = (
				F30FC41F2045DDD9007B5297 /* Base */,
			);
			name = Main.storyboard;
			sourceTree = "<group>";
		};
		F30FC4262045DDD9007B5297 /* LaunchScreen.storyboard */ = {
			isa = PBXVariantGroup;
			children = (
				F30FC4272045DDD9007B5297 /* Base */,
			);
			name = LaunchScreen.storyboard;
			sourceTree = "<group>";
		};
/* End PBXVariantGroup section */

/* Begin XCBuildConfiguration section */
		F30FC42C2045DDD9007B5297 /* Debug */ = {
			isa = XCBuildConfiguration;
			buildSettings = {
				ALWAYS_SEARCH_USER_PATHS = NO;
				CLANG_ANALYZER_NONNULL = YES;
				CLANG_ANALYZER_NUMBER_OBJECT_CONVERSION = YES_AGGRESSIVE;
				CLANG_CXX_LANGUAGE_STANDARD = "gnu++14";
				CLANG_CXX_LIBRARY = "libc++";
				CLANG_ENABLE_MODULES = YES;
				CLANG_ENABLE_OBJC_ARC = YES;
				CLANG_WARN_BLOCK_CAPTURE_AUTORELEASING = YES;
				CLANG_WARN_BOOL_CONVERSION = YES;
				CLANG_WARN_COMMA = YES;
				CLANG_WARN_CONSTANT_CONVERSION = YES;
				CLANG_WARN_DIRECT_OBJC_ISA_USAGE = YES_ERROR;
				CLANG_WARN_DOCUMENTATION_COMMENTS = YES;
				CLANG_WARN_EMPTY_BODY = YES;
				CLANG_WARN_ENUM_CONVERSION = YES;
				CLANG_WARN_INFINITE_RECURSION = YES;
				CLANG_WARN_INT_CONVERSION = YES;
				CLANG_WARN_NON_LITERAL_NULL_CONVERSION = YES;
				CLANG_WARN_OBJC_LITERAL_CONVERSION = YES;
				CLANG_WARN_OBJC_ROOT_CLASS = YES_ERROR;
				CLANG_WARN_RANGE_LOOP_ANALYSIS = YES;
				CLANG_WARN_STRICT_PROTOTYPES = YES;
				CLANG_WARN_SUSPICIOUS_MOVE = YES;
				CLANG_WARN_UNGUARDED_AVAILABILITY = YES_AGGRESSIVE;
				CLANG_WARN_UNREACHABLE_CODE = YES;
				CLANG_WARN__DUPLICATE_METHOD_MATCH = YES;
				CODE_SIGN_IDENTITY = "iPhone Developer";
				COPY_PHASE_STRIP = NO;
				DEBUG_INFORMATION_FORMAT = dwarf;
				ENABLE_STRICT_OBJC_MSGSEND = YES;
				ENABLE_TESTABILITY = YES;
				GCC_C_LANGUAGE_STANDARD = gnu11;
				GCC_DYNAMIC_NO_PIC = NO;
				GCC_NO_COMMON_BLOCKS = YES;
				GCC_OPTIMIZATION_LEVEL = 0;
				GCC_PREPROCESSOR_DEFINITIONS = (
					"DEBUG=1",
					"$(inherited)",
				);
				GCC_WARN_64_TO_32_BIT_CONVERSION = YES;
				GCC_WARN_ABOUT_RETURN_TYPE = YES_ERROR;
				GCC_WARN_UNDECLARED_SELECTOR = YES;
				GCC_WARN_UNINITIALIZED_AUTOS = YES_AGGRESSIVE;
				GCC_WARN_UNUSED_FUNCTION = YES;
				GCC_WARN_UNUSED_VARIABLE = YES;
				IPHONEOS_DEPLOYMENT_TARGET = 11.2;
				MTL_ENABLE_DEBUG_INFO = YES;
				ONLY_ACTIVE_ARCH = YES;
				SDKROOT = iphoneos;
			};
			name = Debug;
		};
		F30FC42D2045DDD9007B5297 /* Release */ = {
			isa = XCBuildConfiguration;
			buildSettings = {
				ALWAYS_SEARCH_USER_PATHS = NO;
				CLANG_ANALYZER_NONNULL = YES;
				CLANG_ANALYZER_NUMBER_OBJECT_CONVERSION = YES_AGGRESSIVE;
				CLANG_CXX_LANGUAGE_STANDARD = "gnu++14";
				CLANG_CXX_LIBRARY = "libc++";
				CLANG_ENABLE_MODULES = YES;
				CLANG_ENABLE_OBJC_ARC = YES;
				CLANG_WARN_BLOCK_CAPTURE_AUTORELEASING = YES;
				CLANG_WARN_BOOL_CONVERSION = YES;
				CLANG_WARN_COMMA = YES;
				CLANG_WARN_CONSTANT_CONVERSION = YES;
				CLANG_WARN_DIRECT_OBJC_ISA_USAGE = YES_ERROR;
				CLANG_WARN_DOCUMENTATION_COMMENTS = YES;
				CLANG_WARN_EMPTY_BODY = YES;
				CLANG_WARN_ENUM_CONVERSION = YES;
				CLANG_WARN_INFINITE_RECURSION = YES;
				CLANG_WARN_INT_CONVERSION = YES;
				CLANG_WARN_NON_LITERAL_NULL_CONVERSION = YES;
				CLANG_WARN_OBJC_LITERAL_CONVERSION = YES;
				CLANG_WARN_OBJC_ROOT_CLASS = YES_ERROR;
				CLANG_WARN_RANGE_LOOP_ANALYSIS = YES;
				CLANG_WARN_STRICT_PROTOTYPES = YES;
				CLANG_WARN_SUSPICIOUS_MOVE = YES;
				CLANG_WARN_UNGUARDED_AVAILABILITY = YES_AGGRESSIVE;
				CLANG_WARN_UNREACHABLE_CODE = YES;
				CLANG_WARN__DUPLICATE_METHOD_MATCH = YES;
				CODE_SIGN_IDENTITY = "iPhone Developer";
				COPY_PHASE_STRIP = NO;
				DEBUG_INFORMATION_FORMAT = "dwarf-with-dsym";
				ENABLE_NS_ASSERTIONS = NO;
				ENABLE_STRICT_OBJC_MSGSEND = YES;
				GCC_C_LANGUAGE_STANDARD = gnu11;
				GCC_NO_COMMON_BLOCKS = YES;
				GCC_WARN_64_TO_32_BIT_CONVERSION = YES;
				GCC_WARN_ABOUT_RETURN_TYPE = YES_ERROR;
				GCC_WARN_UNDECLARED_SELECTOR = YES;
				GCC_WARN_UNINITIALIZED_AUTOS = YES_AGGRESSIVE;
				GCC_WARN_UNUSED_FUNCTION = YES;
				GCC_WARN_UNUSED_VARIABLE = YES;
				IPHONEOS_DEPLOYMENT_TARGET = 11.2;
				MTL_ENABLE_DEBUG_INFO = NO;
				SDKROOT = iphoneos;
				VALIDATE_PRODUCT = YES;
			};
			name = Release;
		};
		F30FC42F2045DDD9007B5297 /* Debug */ = {
			isa = XCBuildConfiguration;
			buildSettings = {
				ASSETCATALOG_COMPILER_APPICON_NAME = AppIcon;
				CODE_SIGN_STYLE = Automatic;
				INFOPLIST_FILE = CheckSample/Info.plist;
				LD_RUNPATH_SEARCH_PATHS = "$(inherited) @executable_path/Frameworks";
				PRODUCT_BUNDLE_IDENTIFIER = com.dev.CheckSample;
				PRODUCT_NAME = "$(TARGET_NAME)";
				TARGETED_DEVICE_FAMILY = "1,2";
			};
			name = Debug;
		};
		F30FC4302045DDD9007B5297 /* Release */ = {
			isa = XCBuildConfiguration;
			buildSettings = {
				ASSETCATALOG_COMPILER_APPICON_NAME = AppIcon;
				CODE_SIGN_STYLE = Automatic;
				INFOPLIST_FILE = CheckSample/Info.plist;
				LD_RUNPATH_SEARCH_PATHS = "$(inherited) @executable_path/Frameworks";
				PRODUCT_BUNDLE_IDENTIFIER = com.dev.CheckSample;
				PRODUCT_NAME = "$(TARGET_NAME)";
				TARGETED_DEVICE_FAMILY = "1,2";
			};
			name = Release;
		};
/* End XCBuildConfiguration section */

/* Begin XCConfigurationList section */
		F30FC4102045DDD9007B5297 /* Build configuration list for PBXProject "CheckSample" */ = {
			isa = XCConfigurationList;
			buildConfigurations = (
				F30FC42C2045DDD9007B5297 /* Debug */,
				F30FC42D2045DDD9007B5297 /* Release */,
			);
			defaultConfigurationIsVisible = 0;
			defaultConfigurationName = Release;
		};
		F30FC42E2045DDD9007B5297 /* Build configuration list for PBXNativeTarget "CheckSample" */ = {
			isa = XCConfigurationList;
			buildConfigurations = (
				F30FC42F2045DDD9007B5297 /* Debug */,
				F30FC4302045DDD9007B5297 /* Release */,
			);
			defaultConfigurationIsVisible = 0;
			defaultConfigurationName = Release;
		};
/* End XCConfigurationList section */

/* Begin XCVersionGroup section */
		F30FC4212045DDD9007B5297 /* CheckSample.xcdatamodeld */ = {
			isa = XCVersionGroup;
			children = (
				F30FC4222045DDD9007B5297 /* CheckSample.xcdatamodel */,
			);
			currentVersion = F30FC4222045DDD9007B5297 /* CheckSample.xcdatamodel */;
			path = CheckSample.xcdatamodeld;
			sourceTree = "<group>";
			versionGroupType = wrapper.xcdatamodel;
		};
/* End XCVersionGroup section */
	};
	rootObject = F30FC40D2045DDD9007B5297 /* Project object */;
}
